// !$*UTF8*$!
{
	archiveVersion = 1;
	classes = {
	};
	objectVersion = 46;
	objects = {

/* Begin PBXBuildFile section */
		1515E0601CD28E3C000B5AC1 /* AppDelegate.swift in Sources */ = {isa = PBXBuildFile; fileRef = 1515E05F1CD28E3C000B5AC1 /* AppDelegate.swift */; };
		1515E0651CD28E3C000B5AC1 /* Main.storyboard in Resources */ = {isa = PBXBuildFile; fileRef = 1515E0631CD28E3C000B5AC1 /* Main.storyboard */; };
		1515E0671CD28E3C000B5AC1 /* Assets.xcassets in Resources */ = {isa = PBXBuildFile; fileRef = 1515E0661CD28E3C000B5AC1 /* Assets.xcassets */; };
		1515E06A1CD28E3C000B5AC1 /* LaunchScreen.storyboard in Resources */ = {isa = PBXBuildFile; fileRef = 1515E0681CD28E3C000B5AC1 /* LaunchScreen.storyboard */; };
		1515E0721CD291C7000B5AC1 /* Item.swift in Sources */ = {isa = PBXBuildFile; fileRef = 1515E0711CD291C7000B5AC1 /* Item.swift */; };
		1515E0741CD29542000B5AC1 /* ItemStore.swift in Sources */ = {isa = PBXBuildFile; fileRef = 1515E0731CD29542000B5AC1 /* ItemStore.swift */; };
		1515E0761CD29668000B5AC1 /* ItemsViewController.swift in Sources */ = {isa = PBXBuildFile; fileRef = 1515E0751CD29668000B5AC1 /* ItemsViewController.swift */; };
		1546CDE41CD91BBE004076D3 /* ItemCell.swift in Sources */ = {isa = PBXBuildFile; fileRef = 1546CDE31CD91BBE004076D3 /* ItemCell.swift */; };
/* End PBXBuildFile section */

/* Begin PBXFileReference section */
		1515E05C1CD28E3C000B5AC1 /* Homepwner.app */ = {isa = PBXFileReference; explicitFileType = wrapper.application; includeInIndex = 0; path = Homepwner.app; sourceTree = BUILT_PRODUCTS_DIR; };
		1515E05F1CD28E3C000B5AC1 /* AppDelegate.swift */ = {isa = PBXFileReference; lastKnownFileType = sourcecode.swift; path = AppDelegate.swift; sourceTree = "<group>"; };
		1515E0641CD28E3C000B5AC1 /* Base */ = {isa = PBXFileReference; lastKnownFileType = file.storyboard; name = Base; path = Base.lproj/Main.storyboard; sourceTree = "<group>"; };
		1515E0661CD28E3C000B5AC1 /* Assets.xcassets */ = {isa = PBXFileReference; lastKnownFileType = folder.assetcatalog; path = Assets.xcassets; sourceTree = "<group>"; };
		1515E0691CD28E3C000B5AC1 /* Base */ = {isa = PBXFileReference; lastKnownFileType = file.storyboard; name = Base; path = Base.lproj/LaunchScreen.storyboard; sourceTree = "<group>"; };
		1515E06B1CD28E3C000B5AC1 /* Info.plist */ = {isa = PBXFileReference; lastKnownFileType = text.plist.xml; path = Info.plist; sourceTree = "<group>"; };
		1515E0711CD291C7000B5AC1 /* Item.swift */ = {isa = PBXFileReference; fileEncoding = 4; lastKnownFileType = sourcecode.swift; name = Item.swift; path = ../Item.swift; sourceTree = "<group>"; };
		1515E0731CD29542000B5AC1 /* ItemStore.swift */ = {isa = PBXFileReference; fileEncoding = 4; lastKnownFileType = sourcecode.swift; name = ItemStore.swift; path = ../ItemStore.swift; sourceTree = "<group>"; };
		1515E0751CD29668000B5AC1 /* ItemsViewController.swift */ = {isa = PBXFileReference; fileEncoding = 4; lastKnownFileType = sourcecode.swift; path = ItemsViewController.swift; sourceTree = "<group>"; };
		1546CDE31CD91BBE004076D3 /* ItemCell.swift */ = {isa = PBXFileReference; fileEncoding = 4; lastKnownFileType = sourcecode.swift; path = ItemCell.swift; sourceTree = "<group>"; };
/* End PBXFileReference section */

/* Begin PBXFrameworksBuildPhase section */
		1515E0591CD28E3C000B5AC1 /* Frameworks */ = {
			isa = PBXFrameworksBuildPhase;
			buildActionMask = 2147483647;
			files = (
			);
			runOnlyForDeploymentPostprocessing = 0;
		};
/* End PBXFrameworksBuildPhase section */

/* Begin PBXGroup section */
		1515E0531CD28E3C000B5AC1 = {
			isa = PBXGroup;
			children = (
				1515E05E1CD28E3C000B5AC1 /* Homepwner */,
				1515E05D1CD28E3C000B5AC1 /* Products */,
			);
			sourceTree = "<group>";
		};
		1515E05D1CD28E3C000B5AC1 /* Products */ = {
			isa = PBXGroup;
			children = (
				1515E05C1CD28E3C000B5AC1 /* Homepwner.app */,
			);
			name = Products;
			sourceTree = "<group>";
		};
		1515E05E1CD28E3C000B5AC1 /* Homepwner */ = {
			isa = PBXGroup;
			children = (
				1515E0711CD291C7000B5AC1 /* Item.swift */,
				1515E0731CD29542000B5AC1 /* ItemStore.swift */,
				1515E05F1CD28E3C000B5AC1 /* AppDelegate.swift */,
				1515E0631CD28E3C000B5AC1 /* Main.storyboard */,
				1515E0751CD29668000B5AC1 /* ItemsViewController.swift */,
				1546CDE31CD91BBE004076D3 /* ItemCell.swift */,
				1515E0661CD28E3C000B5AC1 /* Assets.xcassets */,
				1515E0681CD28E3C000B5AC1 /* LaunchScreen.storyboard */,
				1515E06B1CD28E3C000B5AC1 /* Info.plist */,
			);
			path = Homepwner;
			sourceTree = "<group>";
		};
/* End PBXGroup section */

/* Begin PBXNativeTarget section */
		1515E05B1CD28E3C000B5AC1 /* Homepwner */ = {
			isa = PBXNativeTarget;
			buildConfigurationList = 1515E06E1CD28E3C000B5AC1 /* Build configuration list for PBXNativeTarget "Homepwner" */;
			buildPhases = (
				1515E0581CD28E3C000B5AC1 /* Sources */,
				1515E0591CD28E3C000B5AC1 /* Frameworks */,
				1515E05A1CD28E3C000B5AC1 /* Resources */,
			);
			buildRules = (
			);
			dependencies = (
			);
			name = Homepwner;
			productName = Homepwner;
			productReference = 1515E05C1CD28E3C000B5AC1 /* Homepwner.app */;
			productType = "com.apple.product-type.application";
		};
/* End PBXNativeTarget section */

/* Begin PBXProject section */
		1515E0541CD28E3C000B5AC1 /* Project object */ = {
			isa = PBXProject;
			attributes = {
				LastSwiftUpdateCheck = 0720;
				LastUpgradeCheck = 0720;
				ORGANIZATIONNAME = "Randall Mardus";
				TargetAttributes = {
					1515E05B1CD28E3C000B5AC1 = {
						CreatedOnToolsVersion = 7.2.1;
					};
				};
			};
			buildConfigurationList = 1515E0571CD28E3C000B5AC1 /* Build configuration list for PBXProject "Homepwner" */;
			compatibilityVersion = "Xcode 3.2";
			developmentRegion = English;
			hasScannedForEncodings = 0;
			knownRegions = (
				en,
				Base,
			);
			mainGroup = 1515E0531CD28E3C000B5AC1;
			productRefGroup = 1515E05D1CD28E3C000B5AC1 /* Products */;
			projectDirPath = "";
			projectRoot = "";
			targets = (
				1515E05B1CD28E3C000B5AC1 /* Homepwner */,
			);
		};
/* End PBXProject section */

/* Begin PBXResourcesBuildPhase section */
		1515E05A1CD28E3C000B5AC1 /* Resources */ = {
			isa = PBXResourcesBuildPhase;
			buildActionMask = 2147483647;
			files = (
				1515E06A1CD28E3C000B5AC1 /* LaunchScreen.storyboard in Resources */,
				1515E0671CD28E3C000B5AC1 /* Assets.xcassets in Resources */,
				1515E0651CD28E3C000B5AC1 /* Main.storyboard in Resources */,
			);
			runOnlyForDeploymentPostprocessing = 0;
		};
/* End PBXResourcesBuildPhase section */

/* Begin PBXSourcesBuildPhase section */
		1515E0581CD28E3C000B5AC1 /* Sources */ = {
			isa = PBXSourcesBuildPhase;
			buildActionMask = 2147483647;
			files = (
				1515E0721CD291C7000B5AC1 /* Item.swift in Sources */,
				1515E0761CD29668000B5AC1 /* ItemsViewController.swift in Sources */,
				1515E0601CD28E3C000B5AC1 /* AppDelegate.swift in Sources */,
				1515E0741CD29542000B5AC1 /* ItemStore.swift in Sources */,
				1546CDE41CD91BBE004076D3 /* ItemCell.swift in Sources */,
			);
			runOnlyForDeploymentPostprocessing = 0;
		};
/* End PBXSourcesBuildPhase section */

/* Begin PBXVariantGroup section */
		1515E0631CD28E3C000B5AC1 /* Main.storyboard */ = {
			isa = PBXVariantGroup;
			children = (
				1515E0641CD28E3C000B5AC1 /* Base */,
			);
			name = Main.storyboard;
			sourceTree = "<group>";
		};
		1515E0681CD28E3C000B5AC1 /* LaunchScreen.storyboard */ = {
			isa = PBXVariantGroup;
			children = (
				1515E0691CD28E3C000B5AC1 /* Base */,
			);
			name = LaunchScreen.storyboard;
			sourceTree = "<group>";
		};
/* End PBXVariantGroup section */

/* Begin XCBuildConfiguration section */
		1515E06C1CD28E3C000B5AC1 /* Debug */ = {
			isa = XCBuildConfiguration;
			buildSettings = {
				ALWAYS_SEARCH_USER_PATHS = NO;
				CLANG_CXX_LANGUAGE_STANDARD = "gnu++0x";
				CLANG_CXX_LIBRARY = "libc++";
				CLANG_ENABLE_MODULES = YES;
				CLANG_ENABLE_OBJC_ARC = YES;
				CLANG_WARN_BOOL_CONVERSION = YES;
				CLANG_WARN_CONSTANT_CONVERSION = YES;
				CLANG_WARN_DIRECT_OBJC_ISA_USAGE = YES_ERROR;
				CLANG_WARN_EMPTY_BODY = YES;
				CLANG_WARN_ENUM_CONVERSION = YES;
				CLANG_WARN_INT_CONVERSION = YES;
				CLANG_WARN_OBJC_ROOT_CLASS = YES_ERROR;
				CLANG_WARN_UNREACHABLE_CODE = YES;
				CLANG_WARN__DUPLICATE_METHOD_MATCH = YES;
				"CODE_SIGN_IDENTITY[sdk=iphoneos*]" = "iPhone Developer";
				COPY_PHASE_STRIP = NO;
				DEBUG_INFORMATION_FORMAT = dwarf;
				ENABLE_STRICT_OBJC_MSGSEND = YES;
				ENABLE_TESTABILITY = YES;
				GCC_C_LANGUAGE_STANDARD = gnu99;
				GCC_DYNAMIC_NO_PIC = NO;
				GCC_NO_COMMON_BLOCKS = YES;
				GCC_OPTIMIZATION_LEVEL = 0;
				GCC_PREPROCESSOR_DEFINITIONS = (
					"DEBUG=1",
					"$(inherited)",
				);
				GCC_WARN_64_TO_32_BIT_CONVERSION = YES;
				GCC_WARN_ABOUT_RETURN_TYPE = YES_ERROR;
				GCC_WARN_UNDECLARED_SELECTOR = YES;
				GCC_WARN_UNINITIALIZED_AUTOS = YES_AGGRESSIVE;
				GCC_WARN_UNUSED_FUNCTION = YES;
				GCC_WARN_UNUSED_VARIABLE = YES;
				IPHONEOS_DEPLOYMENT_TARGET = 9.2;
				MTL_ENABLE_DEBUG_INFO = YES;
				ONLY_ACTIVE_ARCH = YES;
				SDKROOT = iphoneos;
				SWIFT_OPTIMIZATION_LEVEL = "-Onone";
				TARGETED_DEVICE_FAMILY = "1,2";
			};
			name = Debug;
		};
		1515E06D1CD28E3C000B5AC1 /* Release */ = {
			isa = XCBuildConfiguration;
			buildSettings = {
				ALWAYS_SEARCH_USER_PATHS = NO;
				CLANG_CXX_LANGUAGE_STANDARD = "gnu++0x";
				CLANG_CXX_LIBRARY = "libc++";
				CLANG_ENABLE_MODULES = YES;
				CLANG_ENABLE_OBJC_ARC = YES;
				CLANG_WARN_BOOL_CONVERSION = YES;
				CLANG_WARN_CONSTANT_CONVERSION = YES;
				CLANG_WARN_DIRECT_OBJC_ISA_USAGE = YES_ERROR;
				CLANG_WARN_EMPTY_BODY = YES;
				CLANG_WARN_ENUM_CONVERSION = YES;
				CLANG_WARN_INT_CONVERSION = YES;
				CLANG_WARN_OBJC_ROOT_CLASS = YES_ERROR;
				CLANG_WARN_UNREACHABLE_CODE = YES;
				CLANG_WARN__DUPLICATE_METHOD_MATCH = YES;
				"CODE_SIGN_IDENTITY[sdk=iphoneos*]" = "iPhone Developer";
				COPY_PHASE_STRIP = NO;
				DEBUG_INFORMATION_FORMAT = "dwarf-with-dsym";
				ENABLE_NS_ASSERTIONS = NO;
				ENABLE_STRICT_OBJC_MSGSEND = YES;
				GCC_C_LANGUAGE_STANDARD = gnu99;
				GCC_NO_COMMON_BLOCKS = YES;
				GCC_WARN_64_TO_32_BIT_CONVERSION = YES;
				GCC_WARN_ABOUT_RETURN_TYPE = YES_ERROR;
				GCC_WARN_UNDECLARED_SELECTOR = YES;
				GCC_WARN_UNINITIALIZED_AUTOS = YES_AGGRESSIVE;
				GCC_WARN_UNUSED_FUNCTION = YES;
				GCC_WARN_UNUSED_VARIABLE = YES;
				IPHONEOS_DEPLOYMENT_TARGET = 9.2;
				MTL_ENABLE_DEBUG_INFO = NO;
				SDKROOT = iphoneos;
				TARGETED_DEVICE_FAMILY = "1,2";
				VALIDATE_PRODUCT = YES;
			};
			name = Release;
		};
		1515E06F1CD28E3C000B5AC1 /* Debug */ = {
			isa = XCBuildConfiguration;
			buildSettings = {
				ASSETCATALOG_COMPILER_APPICON_NAME = AppIcon;
				INFOPLIST_FILE = Homepwner/Info.plist;
				LD_RUNPATH_SEARCH_PATHS = "$(inherited) @executable_path/Frameworks";
				PRODUCT_BUNDLE_IDENTIFIER = self.edu.Homepwner;
				PRODUCT_NAME = "$(TARGET_NAME)";
			};
			name = Debug;
		};
		1515E0701CD28E3C000B5AC1 /* Release */ = {
			isa = XCBuildConfiguration;
			buildSettings = {
				ASSETCATALOG_COMPILER_APPICON_NAME = AppIcon;
				INFOPLIST_FILE = Homepwner/Info.plist;
				LD_RUNPATH_SEARCH_PATHS = "$(inherited) @executable_path/Frameworks";
				PRODUCT_BUNDLE_IDENTIFIER = self.edu.Homepwner;
				PRODUCT_NAME = "$(TARGET_NAME)";
			};
			name = Release;
		};
/* End XCBuildConfiguration section */

/* Begin XCConfigurationList section */
		1515E0571CD28E3C000B5AC1 /* Build configuration list for PBXProject "Homepwner" */ = {
			isa = XCConfigurationList;
			buildConfigurations = (
				1515E06C1CD28E3C000B5AC1 /* Debug */,
				1515E06D1CD28E3C000B5AC1 /* Release */,
			);
			defaultConfigurationIsVisible = 0;
			defaultConfigurationName = Release;
		};
		1515E06E1CD28E3C000B5AC1 /* Build configuration list for PBXNativeTarget "Homepwner" */ = {
			isa = XCConfigurationList;
			buildConfigurations = (
				1515E06F1CD28E3C000B5AC1 /* Debug */,
				1515E0701CD28E3C000B5AC1 /* Release */,
			);
			defaultConfigurationIsVisible = 0;
			defaultConfigurationName = Release;
		};
/* End XCConfigurationList section */
	};
	rootObject = 1515E0541CD28E3C000B5AC1 /* Project object */;
}
